// !$*UTF8*$!
{
	archiveVersion = 1;
	classes = {
	};
	objectVersion = 56;
	objects = {

/* Begin PBXBuildFile section */
		1509097F2974962500833700 /* Intents.framework in Frameworks */ = {isa = PBXBuildFile; fileRef = 1509097E2974962500833700 /* Intents.framework */; };
		150909822974962500833700 /* IntentHandler.swift in Sources */ = {isa = PBXBuildFile; fileRef = 150909812974962500833700 /* IntentHandler.swift */; };
		150909862974962500833700 /* RepoWatcherIntents.appex in Embed Foundation Extensions */ = {isa = PBXBuildFile; fileRef = 1509097D2974962500833700 /* RepoWatcherIntents.appex */; settings = {ATTRIBUTES = (RemoveHeadersOnCopy, ); }; };
		1509098A2974978F00833700 /* SelectRepoIntents.intentdefinition in Sources */ = {isa = PBXBuildFile; fileRef = 15A1A181296DBDFB00904FF1 /* SelectRepoIntents.intentdefinition */; };
		1509098C297499D200833700 /* UserDefaults+Ext.swift in Sources */ = {isa = PBXBuildFile; fileRef = 15449CC6296B0A450053541B /* UserDefaults+Ext.swift */; };
		152225D52937A47700A7BC2C /* RepoMediumView.swift in Sources */ = {isa = PBXBuildFile; fileRef = 152225D42937A47700A7BC2C /* RepoMediumView.swift */; };
		1522B50D2934A1D1004B1EB0 /* Repository.swift in Sources */ = {isa = PBXBuildFile; fileRef = 1522B50C2934A1D1004B1EB0 /* Repository.swift */; };
		1522B50F2934B7B0004B1EB0 /* Repository.swift in Sources */ = {isa = PBXBuildFile; fileRef = 1522B50C2934A1D1004B1EB0 /* Repository.swift */; };
		1522B5112934FA2A004B1EB0 /* NetworkManager.swift in Sources */ = {isa = PBXBuildFile; fileRef = 1522B5102934FA2A004B1EB0 /* NetworkManager.swift */; };
		1522B5122934FA2A004B1EB0 /* NetworkManager.swift in Sources */ = {isa = PBXBuildFile; fileRef = 1522B5102934FA2A004B1EB0 /* NetworkManager.swift */; };
		15449CC7296B0A450053541B /* UserDefaults+Ext.swift in Sources */ = {isa = PBXBuildFile; fileRef = 15449CC6296B0A450053541B /* UserDefaults+Ext.swift */; };
		15800F3A293CD5EB00B13A1B /* SingleRepoWidget.swift in Sources */ = {isa = PBXBuildFile; fileRef = 15800F39293CD5EB00B13A1B /* SingleRepoWidget.swift */; };
		15A1A182296DBDFB00904FF1 /* SelectRepoIntents.intentdefinition in Sources */ = {isa = PBXBuildFile; fileRef = 15A1A181296DBDFB00904FF1 /* SelectRepoIntents.intentdefinition */; };
		15A1A183296DBDFB00904FF1 /* SelectRepoIntents.intentdefinition in Sources */ = {isa = PBXBuildFile; fileRef = 15A1A181296DBDFB00904FF1 /* SelectRepoIntents.intentdefinition */; };
		15B8B7BA293E82CC00AD12F4 /* ContributorMediumView.swift in Sources */ = {isa = PBXBuildFile; fileRef = 15B8B7B9293E82CC00AD12F4 /* ContributorMediumView.swift */; };
		15B8B7BC293E876000AD12F4 /* Contributor.swift in Sources */ = {isa = PBXBuildFile; fileRef = 15B8B7BB293E876000AD12F4 /* Contributor.swift */; };
		15B8B7BD293E876000AD12F4 /* Contributor.swift in Sources */ = {isa = PBXBuildFile; fileRef = 15B8B7BB293E876000AD12F4 /* Contributor.swift */; };
		15D2D6A72933A9D200AC35CC /* GitHubRepoWatcherApp.swift in Sources */ = {isa = PBXBuildFile; fileRef = 15D2D6A62933A9D200AC35CC /* GitHubRepoWatcherApp.swift */; };
		15D2D6A92933A9D200AC35CC /* GitHubRepoWatcherView.swift in Sources */ = {isa = PBXBuildFile; fileRef = 15D2D6A82933A9D200AC35CC /* GitHubRepoWatcherView.swift */; };
		15D2D6AB2933A9D500AC35CC /* Assets.xcassets in Resources */ = {isa = PBXBuildFile; fileRef = 15D2D6AA2933A9D500AC35CC /* Assets.xcassets */; };
		15D2D6AE2933A9D500AC35CC /* Preview Assets.xcassets in Resources */ = {isa = PBXBuildFile; fileRef = 15D2D6AD2933A9D500AC35CC /* Preview Assets.xcassets */; };
		15D2D6B82933A9D600AC35CC /* GitHubRepoWatcherTests.swift in Sources */ = {isa = PBXBuildFile; fileRef = 15D2D6B72933A9D600AC35CC /* GitHubRepoWatcherTests.swift */; };
		15D2D6C22933A9D600AC35CC /* GitHubRepoWatcherUITests.swift in Sources */ = {isa = PBXBuildFile; fileRef = 15D2D6C12933A9D600AC35CC /* GitHubRepoWatcherUITests.swift */; };
		15D2D6C42933A9D600AC35CC /* GitHubRepoWatcherUITestsLaunchTests.swift in Sources */ = {isa = PBXBuildFile; fileRef = 15D2D6C32933A9D600AC35CC /* GitHubRepoWatcherUITestsLaunchTests.swift */; };
		15D2D6D82933B7F500AC35CC /* WidgetKit.framework in Frameworks */ = {isa = PBXBuildFile; fileRef = 15D2D6D72933B7F500AC35CC /* WidgetKit.framework */; };
		15D2D6DA2933B7F500AC35CC /* SwiftUI.framework in Frameworks */ = {isa = PBXBuildFile; fileRef = 15D2D6D92933B7F500AC35CC /* SwiftUI.framework */; };
		15D2D6DD2933B7F500AC35CC /* RepoWatcherWidgetBundle.swift in Sources */ = {isa = PBXBuildFile; fileRef = 15D2D6DC2933B7F500AC35CC /* RepoWatcherWidgetBundle.swift */; };
		15D2D6DF2933B7F500AC35CC /* RepoWatcherWidgetLiveActivity.swift in Sources */ = {isa = PBXBuildFile; fileRef = 15D2D6DE2933B7F500AC35CC /* RepoWatcherWidgetLiveActivity.swift */; };
		15D2D6E12933B7F500AC35CC /* DoubleRepoWidget.swift in Sources */ = {isa = PBXBuildFile; fileRef = 15D2D6E02933B7F500AC35CC /* DoubleRepoWidget.swift */; };
		15D2D6E42933B7F700AC35CC /* Assets.xcassets in Resources */ = {isa = PBXBuildFile; fileRef = 15D2D6E32933B7F700AC35CC /* Assets.xcassets */; };
		15D2D6E62933B7F700AC35CC /* RepoWatcherWidget.intentdefinition in Sources */ = {isa = PBXBuildFile; fileRef = 15D2D6E22933B7F500AC35CC /* RepoWatcherWidget.intentdefinition */; };
		15D2D6E72933B7F700AC35CC /* RepoWatcherWidget.intentdefinition in Sources */ = {isa = PBXBuildFile; fileRef = 15D2D6E22933B7F500AC35CC /* RepoWatcherWidget.intentdefinition */; };
		15D2D6EA2933B7F700AC35CC /* RepoWatcherWidgetExtension.appex in Embed Foundation Extensions */ = {isa = PBXBuildFile; fileRef = 15D2D6D52933B7F500AC35CC /* RepoWatcherWidgetExtension.appex */; settings = {ATTRIBUTES = (RemoveHeadersOnCopy, ); }; };
		15D3F4D2293A0ACF00874205 /* MockData.swift in Sources */ = {isa = PBXBuildFile; fileRef = 15D3F4D1293A0ACF00874205 /* MockData.swift */; };
		15D3F4D3293A0B6E00874205 /* MockData.swift in Sources */ = {isa = PBXBuildFile; fileRef = 15D3F4D1293A0ACF00874205 /* MockData.swift */; };
/* End PBXBuildFile section */

/* Begin PBXContainerItemProxy section */
		150909842974962500833700 /* PBXContainerItemProxy */ = {
			isa = PBXContainerItemProxy;
			containerPortal = 15D2D69B2933A9D200AC35CC /* Project object */;
			proxyType = 1;
			remoteGlobalIDString = 1509097C2974962500833700;
			remoteInfo = RepoWatcherIntents;
		};
		15D2D6B42933A9D600AC35CC /* PBXContainerItemProxy */ = {
			isa = PBXContainerItemProxy;
			containerPortal = 15D2D69B2933A9D200AC35CC /* Project object */;
			proxyType = 1;
			remoteGlobalIDString = 15D2D6A22933A9D200AC35CC;
			remoteInfo = GitHubRepoWatcher;
		};
		15D2D6BE2933A9D600AC35CC /* PBXContainerItemProxy */ = {
			isa = PBXContainerItemProxy;
			containerPortal = 15D2D69B2933A9D200AC35CC /* Project object */;
			proxyType = 1;
			remoteGlobalIDString = 15D2D6A22933A9D200AC35CC;
			remoteInfo = GitHubRepoWatcher;
		};
		15D2D6E82933B7F700AC35CC /* PBXContainerItemProxy */ = {
			isa = PBXContainerItemProxy;
			containerPortal = 15D2D69B2933A9D200AC35CC /* Project object */;
			proxyType = 1;
			remoteGlobalIDString = 15D2D6D42933B7F500AC35CC;
			remoteInfo = RepoWatcherWidgetExtension;
		};
/* End PBXContainerItemProxy section */

/* Begin PBXCopyFilesBuildPhase section */
		15D2D6EE2933B7F800AC35CC /* Embed Foundation Extensions */ = {
			isa = PBXCopyFilesBuildPhase;
			buildActionMask = 2147483647;
			dstPath = "";
			dstSubfolderSpec = 13;
			files = (
				15D2D6EA2933B7F700AC35CC /* RepoWatcherWidgetExtension.appex in Embed Foundation Extensions */,
				150909862974962500833700 /* RepoWatcherIntents.appex in Embed Foundation Extensions */,
			);
			name = "Embed Foundation Extensions";
			runOnlyForDeploymentPostprocessing = 0;
		};
/* End PBXCopyFilesBuildPhase section */

/* Begin PBXFileReference section */
		1509097D2974962500833700 /* RepoWatcherIntents.appex */ = {isa = PBXFileReference; explicitFileType = "wrapper.app-extension"; includeInIndex = 0; path = RepoWatcherIntents.appex; sourceTree = BUILT_PRODUCTS_DIR; };
		1509097E2974962500833700 /* Intents.framework */ = {isa = PBXFileReference; lastKnownFileType = wrapper.framework; name = Intents.framework; path = System/Library/Frameworks/Intents.framework; sourceTree = SDKROOT; };
		150909812974962500833700 /* IntentHandler.swift */ = {isa = PBXFileReference; lastKnownFileType = sourcecode.swift; path = IntentHandler.swift; sourceTree = "<group>"; };
		150909832974962500833700 /* Info.plist */ = {isa = PBXFileReference; lastKnownFileType = text.plist.xml; path = Info.plist; sourceTree = "<group>"; };
		1509098B2974981F00833700 /* RepoWatcherIntents.entitlements */ = {isa = PBXFileReference; lastKnownFileType = text.plist.entitlements; path = RepoWatcherIntents.entitlements; sourceTree = "<group>"; };
		152225D42937A47700A7BC2C /* RepoMediumView.swift */ = {isa = PBXFileReference; lastKnownFileType = sourcecode.swift; path = RepoMediumView.swift; sourceTree = "<group>"; };
		1522B50C2934A1D1004B1EB0 /* Repository.swift */ = {isa = PBXFileReference; lastKnownFileType = sourcecode.swift; path = Repository.swift; sourceTree = "<group>"; };
		1522B5102934FA2A004B1EB0 /* NetworkManager.swift */ = {isa = PBXFileReference; lastKnownFileType = sourcecode.swift; path = NetworkManager.swift; sourceTree = "<group>"; };
		153D74DD2940E35A00F4C152 /* ApiTests.xctestplan */ = {isa = PBXFileReference; lastKnownFileType = text; path = ApiTests.xctestplan; sourceTree = "<group>"; };
		15449CC5296B08380053541B /* GitHubRepoWatcher.entitlements */ = {isa = PBXFileReference; lastKnownFileType = text.plist.entitlements; path = GitHubRepoWatcher.entitlements; sourceTree = "<group>"; };
		15449CC6296B0A450053541B /* UserDefaults+Ext.swift */ = {isa = PBXFileReference; lastKnownFileType = sourcecode.swift; path = "UserDefaults+Ext.swift"; sourceTree = "<group>"; };
		15800F39293CD5EB00B13A1B /* SingleRepoWidget.swift */ = {isa = PBXFileReference; lastKnownFileType = sourcecode.swift; path = SingleRepoWidget.swift; sourceTree = "<group>"; };
		15A1A181296DBDFB00904FF1 /* SelectRepoIntents.intentdefinition */ = {isa = PBXFileReference; lastKnownFileType = file.intentdefinition; path = SelectRepoIntents.intentdefinition; sourceTree = "<group>"; };
		15A1A184296DBE2100904FF1 /* Info.plist */ = {isa = PBXFileReference; lastKnownFileType = text.plist; path = Info.plist; sourceTree = "<group>"; };
		15B8B7B9293E82CC00AD12F4 /* ContributorMediumView.swift */ = {isa = PBXFileReference; lastKnownFileType = sourcecode.swift; path = ContributorMediumView.swift; sourceTree = "<group>"; };
		15B8B7BB293E876000AD12F4 /* Contributor.swift */ = {isa = PBXFileReference; lastKnownFileType = sourcecode.swift; path = Contributor.swift; sourceTree = "<group>"; };
		15D2D6A32933A9D200AC35CC /* GitHubRepoWatcher.app */ = {isa = PBXFileReference; explicitFileType = wrapper.application; includeInIndex = 0; path = GitHubRepoWatcher.app; sourceTree = BUILT_PRODUCTS_DIR; };
		15D2D6A62933A9D200AC35CC /* GitHubRepoWatcherApp.swift */ = {isa = PBXFileReference; lastKnownFileType = sourcecode.swift; path = GitHubRepoWatcherApp.swift; sourceTree = "<group>"; };
		15D2D6A82933A9D200AC35CC /* GitHubRepoWatcherView.swift */ = {isa = PBXFileReference; lastKnownFileType = sourcecode.swift; path = GitHubRepoWatcherView.swift; sourceTree = "<group>"; };
		15D2D6AA2933A9D500AC35CC /* Assets.xcassets */ = {isa = PBXFileReference; lastKnownFileType = folder.assetcatalog; path = Assets.xcassets; sourceTree = "<group>"; };
		15D2D6AD2933A9D500AC35CC /* Preview Assets.xcassets */ = {isa = PBXFileReference; lastKnownFileType = folder.assetcatalog; path = "Preview Assets.xcassets"; sourceTree = "<group>"; };
		15D2D6B32933A9D600AC35CC /* GitHubRepoWatcherTests.xctest */ = {isa = PBXFileReference; explicitFileType = wrapper.cfbundle; includeInIndex = 0; path = GitHubRepoWatcherTests.xctest; sourceTree = BUILT_PRODUCTS_DIR; };
		15D2D6B72933A9D600AC35CC /* GitHubRepoWatcherTests.swift */ = {isa = PBXFileReference; lastKnownFileType = sourcecode.swift; path = GitHubRepoWatcherTests.swift; sourceTree = "<group>"; };
		15D2D6BD2933A9D600AC35CC /* GitHubRepoWatcherUITests.xctest */ = {isa = PBXFileReference; explicitFileType = wrapper.cfbundle; includeInIndex = 0; path = GitHubRepoWatcherUITests.xctest; sourceTree = BUILT_PRODUCTS_DIR; };
		15D2D6C12933A9D600AC35CC /* GitHubRepoWatcherUITests.swift */ = {isa = PBXFileReference; lastKnownFileType = sourcecode.swift; path = GitHubRepoWatcherUITests.swift; sourceTree = "<group>"; };
		15D2D6C32933A9D600AC35CC /* GitHubRepoWatcherUITestsLaunchTests.swift */ = {isa = PBXFileReference; lastKnownFileType = sourcecode.swift; path = GitHubRepoWatcherUITestsLaunchTests.swift; sourceTree = "<group>"; };
		15D2D6D02933AA0300AC35CC /* README.md */ = {isa = PBXFileReference; lastKnownFileType = net.daringfireball.markdown; path = README.md; sourceTree = "<group>"; };
		15D2D6D52933B7F500AC35CC /* RepoWatcherWidgetExtension.appex */ = {isa = PBXFileReference; explicitFileType = "wrapper.app-extension"; includeInIndex = 0; path = RepoWatcherWidgetExtension.appex; sourceTree = BUILT_PRODUCTS_DIR; };
		15D2D6D72933B7F500AC35CC /* WidgetKit.framework */ = {isa = PBXFileReference; lastKnownFileType = wrapper.framework; name = WidgetKit.framework; path = System/Library/Frameworks/WidgetKit.framework; sourceTree = SDKROOT; };
		15D2D6D92933B7F500AC35CC /* SwiftUI.framework */ = {isa = PBXFileReference; lastKnownFileType = wrapper.framework; name = SwiftUI.framework; path = System/Library/Frameworks/SwiftUI.framework; sourceTree = SDKROOT; };
		15D2D6DC2933B7F500AC35CC /* RepoWatcherWidgetBundle.swift */ = {isa = PBXFileReference; lastKnownFileType = sourcecode.swift; path = RepoWatcherWidgetBundle.swift; sourceTree = "<group>"; };
		15D2D6DE2933B7F500AC35CC /* RepoWatcherWidgetLiveActivity.swift */ = {isa = PBXFileReference; lastKnownFileType = sourcecode.swift; path = RepoWatcherWidgetLiveActivity.swift; sourceTree = "<group>"; };
		15D2D6E02933B7F500AC35CC /* DoubleRepoWidget.swift */ = {isa = PBXFileReference; lastKnownFileType = sourcecode.swift; path = DoubleRepoWidget.swift; sourceTree = "<group>"; };
		15D2D6E22933B7F500AC35CC /* RepoWatcherWidget.intentdefinition */ = {isa = PBXFileReference; lastKnownFileType = file.intentdefinition; path = RepoWatcherWidget.intentdefinition; sourceTree = "<group>"; };
		15D2D6E32933B7F700AC35CC /* Assets.xcassets */ = {isa = PBXFileReference; lastKnownFileType = folder.assetcatalog; path = Assets.xcassets; sourceTree = "<group>"; };
		15D2D6E52933B7F700AC35CC /* Info.plist */ = {isa = PBXFileReference; lastKnownFileType = text.plist.xml; path = Info.plist; sourceTree = "<group>"; };
		15D3F4D1293A0ACF00874205 /* MockData.swift */ = {isa = PBXFileReference; lastKnownFileType = sourcecode.swift; path = MockData.swift; sourceTree = "<group>"; };
/* End PBXFileReference section */

/* Begin PBXFrameworksBuildPhase section */
		1509097A2974962500833700 /* Frameworks */ = {
			isa = PBXFrameworksBuildPhase;
			buildActionMask = 2147483647;
			files = (
				1509097F2974962500833700 /* Intents.framework in Frameworks */,
			);
			runOnlyForDeploymentPostprocessing = 0;
		};
		15D2D6A02933A9D200AC35CC /* Frameworks */ = {
			isa = PBXFrameworksBuildPhase;
			buildActionMask = 2147483647;
			files = (
			);
			runOnlyForDeploymentPostprocessing = 0;
		};
		15D2D6B02933A9D600AC35CC /* Frameworks */ = {
			isa = PBXFrameworksBuildPhase;
			buildActionMask = 2147483647;
			files = (
			);
			runOnlyForDeploymentPostprocessing = 0;
		};
		15D2D6BA2933A9D600AC35CC /* Frameworks */ = {
			isa = PBXFrameworksBuildPhase;
			buildActionMask = 2147483647;
			files = (
			);
			runOnlyForDeploymentPostprocessing = 0;
		};
		15D2D6D22933B7F500AC35CC /* Frameworks */ = {
			isa = PBXFrameworksBuildPhase;
			buildActionMask = 2147483647;
			files = (
				15D2D6DA2933B7F500AC35CC /* SwiftUI.framework in Frameworks */,
				15D2D6D82933B7F500AC35CC /* WidgetKit.framework in Frameworks */,
			);
			runOnlyForDeploymentPostprocessing = 0;
		};
/* End PBXFrameworksBuildPhase section */

/* Begin PBXGroup section */
		150909802974962500833700 /* RepoWatcherIntents */ = {
			isa = PBXGroup;
			children = (
				1509098B2974981F00833700 /* RepoWatcherIntents.entitlements */,
				150909812974962500833700 /* IntentHandler.swift */,
				150909832974962500833700 /* Info.plist */,
			);
			path = RepoWatcherIntents;
			sourceTree = "<group>";
		};
		1523CD37296C833400B23374 /* Widgets */ = {
			isa = PBXGroup;
			children = (
				15800F39293CD5EB00B13A1B /* SingleRepoWidget.swift */,
				15D2D6E02933B7F500AC35CC /* DoubleRepoWidget.swift */,
			);
			path = Widgets;
			sourceTree = "<group>";
		};
		15D2D69A2933A9D200AC35CC = {
			isa = PBXGroup;
			children = (
				15D2D6D02933AA0300AC35CC /* README.md */,
				15D2D6A52933A9D200AC35CC /* GitHubRepoWatcher */,
				15D2D6B62933A9D600AC35CC /* GitHubRepoWatcherTests */,
				15D2D6C02933A9D600AC35CC /* GitHubRepoWatcherUITests */,
				15D2D6DB2933B7F500AC35CC /* RepoWatcherWidget */,
				150909802974962500833700 /* RepoWatcherIntents */,
				15D2D6D62933B7F500AC35CC /* Frameworks */,
				15D2D6A42933A9D200AC35CC /* Products */,
			);
			sourceTree = "<group>";
		};
		15D2D6A42933A9D200AC35CC /* Products */ = {
			isa = PBXGroup;
			children = (
				15D2D6A32933A9D200AC35CC /* GitHubRepoWatcher.app */,
				15D2D6B32933A9D600AC35CC /* GitHubRepoWatcherTests.xctest */,
				15D2D6BD2933A9D600AC35CC /* GitHubRepoWatcherUITests.xctest */,
				15D2D6D52933B7F500AC35CC /* RepoWatcherWidgetExtension.appex */,
				1509097D2974962500833700 /* RepoWatcherIntents.appex */,
			);
			name = Products;
			sourceTree = "<group>";
		};
		15D2D6A52933A9D200AC35CC /* GitHubRepoWatcher */ = {
			isa = PBXGroup;
			children = (
				15A1A184296DBE2100904FF1 /* Info.plist */,
				15449CC5296B08380053541B /* GitHubRepoWatcher.entitlements */,
				15D2D6A62933A9D200AC35CC /* GitHubRepoWatcherApp.swift */,
				15D2D6A82933A9D200AC35CC /* GitHubRepoWatcherView.swift */,
				1522B50C2934A1D1004B1EB0 /* Repository.swift */,
				15B8B7BB293E876000AD12F4 /* Contributor.swift */,
				1522B5102934FA2A004B1EB0 /* NetworkManager.swift */,
				15449CC6296B0A450053541B /* UserDefaults+Ext.swift */,
				15D2D6AA2933A9D500AC35CC /* Assets.xcassets */,
				15D2D6AC2933A9D500AC35CC /* Preview Content */,
			);
			path = GitHubRepoWatcher;
			sourceTree = "<group>";
		};
		15D2D6AC2933A9D500AC35CC /* Preview Content */ = {
			isa = PBXGroup;
			children = (
				15D2D6AD2933A9D500AC35CC /* Preview Assets.xcassets */,
			);
			path = "Preview Content";
			sourceTree = "<group>";
		};
		15D2D6B62933A9D600AC35CC /* GitHubRepoWatcherTests */ = {
			isa = PBXGroup;
			children = (
				15D2D6B72933A9D600AC35CC /* GitHubRepoWatcherTests.swift */,
				153D74DD2940E35A00F4C152 /* ApiTests.xctestplan */,
			);
			path = GitHubRepoWatcherTests;
			sourceTree = "<group>";
		};
		15D2D6C02933A9D600AC35CC /* GitHubRepoWatcherUITests */ = {
			isa = PBXGroup;
			children = (
				15D2D6C12933A9D600AC35CC /* GitHubRepoWatcherUITests.swift */,
				15D2D6C32933A9D600AC35CC /* GitHubRepoWatcherUITestsLaunchTests.swift */,
			);
			path = GitHubRepoWatcherUITests;
			sourceTree = "<group>";
		};
		15D2D6D62933B7F500AC35CC /* Frameworks */ = {
			isa = PBXGroup;
			children = (
				15D2D6D72933B7F500AC35CC /* WidgetKit.framework */,
				15D2D6D92933B7F500AC35CC /* SwiftUI.framework */,
				1509097E2974962500833700 /* Intents.framework */,
			);
			name = Frameworks;
			sourceTree = "<group>";
		};
		15D2D6DB2933B7F500AC35CC /* RepoWatcherWidget */ = {
			isa = PBXGroup;
			children = (
				1523CD37296C833400B23374 /* Widgets */,
				15D2D6DC2933B7F500AC35CC /* RepoWatcherWidgetBundle.swift */,
				15D2D6DE2933B7F500AC35CC /* RepoWatcherWidgetLiveActivity.swift */,
				152225D42937A47700A7BC2C /* RepoMediumView.swift */,
				15B8B7B9293E82CC00AD12F4 /* ContributorMediumView.swift */,
				15D3F4D1293A0ACF00874205 /* MockData.swift */,
				15D2D6E22933B7F500AC35CC /* RepoWatcherWidget.intentdefinition */,
				15D2D6E32933B7F700AC35CC /* Assets.xcassets */,
				15D2D6E52933B7F700AC35CC /* Info.plist */,
				15A1A181296DBDFB00904FF1 /* SelectRepoIntents.intentdefinition */,
			);
			path = RepoWatcherWidget;
			sourceTree = "<group>";
		};
/* End PBXGroup section */

/* Begin PBXNativeTarget section */
		1509097C2974962500833700 /* RepoWatcherIntents */ = {
			isa = PBXNativeTarget;
			buildConfigurationList = 150909892974962500833700 /* Build configuration list for PBXNativeTarget "RepoWatcherIntents" */;
			buildPhases = (
				150909792974962500833700 /* Sources */,
				1509097A2974962500833700 /* Frameworks */,
				1509097B2974962500833700 /* Resources */,
			);
			buildRules = (
			);
			dependencies = (
			);
			name = RepoWatcherIntents;
			productName = RepoWatcherIntents;
			productReference = 1509097D2974962500833700 /* RepoWatcherIntents.appex */;
			productType = "com.apple.product-type.app-extension";
		};
		15D2D6A22933A9D200AC35CC /* GitHubRepoWatcher */ = {
			isa = PBXNativeTarget;
			buildConfigurationList = 15D2D6C72933A9D600AC35CC /* Build configuration list for PBXNativeTarget "GitHubRepoWatcher" */;
			buildPhases = (
				15D2D69F2933A9D200AC35CC /* Sources */,
				15D2D6A02933A9D200AC35CC /* Frameworks */,
				15D2D6A12933A9D200AC35CC /* Resources */,
				15D2D6EE2933B7F800AC35CC /* Embed Foundation Extensions */,
			);
			buildRules = (
			);
			dependencies = (
				15D2D6E92933B7F700AC35CC /* PBXTargetDependency */,
				150909852974962500833700 /* PBXTargetDependency */,
			);
			name = GitHubRepoWatcher;
			productName = GitHubRepoWatcher;
			productReference = 15D2D6A32933A9D200AC35CC /* GitHubRepoWatcher.app */;
			productType = "com.apple.product-type.application";
		};
		15D2D6B22933A9D600AC35CC /* GitHubRepoWatcherTests */ = {
			isa = PBXNativeTarget;
			buildConfigurationList = 15D2D6CA2933A9D600AC35CC /* Build configuration list for PBXNativeTarget "GitHubRepoWatcherTests" */;
			buildPhases = (
				15D2D6AF2933A9D600AC35CC /* Sources */,
				15D2D6B02933A9D600AC35CC /* Frameworks */,
				15D2D6B12933A9D600AC35CC /* Resources */,
			);
			buildRules = (
			);
			dependencies = (
				15D2D6B52933A9D600AC35CC /* PBXTargetDependency */,
			);
			name = GitHubRepoWatcherTests;
			productName = GitHubRepoWatcherTests;
			productReference = 15D2D6B32933A9D600AC35CC /* GitHubRepoWatcherTests.xctest */;
			productType = "com.apple.product-type.bundle.unit-test";
		};
		15D2D6BC2933A9D600AC35CC /* GitHubRepoWatcherUITests */ = {
			isa = PBXNativeTarget;
			buildConfigurationList = 15D2D6CD2933A9D600AC35CC /* Build configuration list for PBXNativeTarget "GitHubRepoWatcherUITests" */;
			buildPhases = (
				15D2D6B92933A9D600AC35CC /* Sources */,
				15D2D6BA2933A9D600AC35CC /* Frameworks */,
				15D2D6BB2933A9D600AC35CC /* Resources */,
			);
			buildRules = (
			);
			dependencies = (
				15D2D6BF2933A9D600AC35CC /* PBXTargetDependency */,
			);
			name = GitHubRepoWatcherUITests;
			productName = GitHubRepoWatcherUITests;
			productReference = 15D2D6BD2933A9D600AC35CC /* GitHubRepoWatcherUITests.xctest */;
			productType = "com.apple.product-type.bundle.ui-testing";
		};
		15D2D6D42933B7F500AC35CC /* RepoWatcherWidgetExtension */ = {
			isa = PBXNativeTarget;
			buildConfigurationList = 15D2D6EB2933B7F800AC35CC /* Build configuration list for PBXNativeTarget "RepoWatcherWidgetExtension" */;
			buildPhases = (
				15D2D6D12933B7F500AC35CC /* Sources */,
				15D2D6D22933B7F500AC35CC /* Frameworks */,
				15D2D6D32933B7F500AC35CC /* Resources */,
			);
			buildRules = (
			);
			dependencies = (
			);
			name = RepoWatcherWidgetExtension;
			productName = RepoWatcherWidgetExtension;
			productReference = 15D2D6D52933B7F500AC35CC /* RepoWatcherWidgetExtension.appex */;
			productType = "com.apple.product-type.app-extension";
		};
/* End PBXNativeTarget section */

/* Begin PBXProject section */
		15D2D69B2933A9D200AC35CC /* Project object */ = {
			isa = PBXProject;
			attributes = {
				BuildIndependentTargetsInParallel = 1;
				LastSwiftUpdateCheck = 1420;
				LastUpgradeCheck = 1410;
				TargetAttributes = {
					1509097C2974962500833700 = {
						CreatedOnToolsVersion = 14.2;
					};
					15D2D6A22933A9D200AC35CC = {
						CreatedOnToolsVersion = 14.1;
					};
					15D2D6B22933A9D600AC35CC = {
						CreatedOnToolsVersion = 14.1;
						TestTargetID = 15D2D6A22933A9D200AC35CC;
					};
					15D2D6BC2933A9D600AC35CC = {
						CreatedOnToolsVersion = 14.1;
						TestTargetID = 15D2D6A22933A9D200AC35CC;
					};
					15D2D6D42933B7F500AC35CC = {
						CreatedOnToolsVersion = 14.1;
					};
				};
			};
			buildConfigurationList = 15D2D69E2933A9D200AC35CC /* Build configuration list for PBXProject "GitHubRepoWatcher" */;
			compatibilityVersion = "Xcode 14.0";
			developmentRegion = en;
			hasScannedForEncodings = 0;
			knownRegions = (
				en,
				Base,
			);
			mainGroup = 15D2D69A2933A9D200AC35CC;
			productRefGroup = 15D2D6A42933A9D200AC35CC /* Products */;
			projectDirPath = "";
			projectRoot = "";
			targets = (
				15D2D6A22933A9D200AC35CC /* GitHubRepoWatcher */,
				15D2D6B22933A9D600AC35CC /* GitHubRepoWatcherTests */,
				15D2D6BC2933A9D600AC35CC /* GitHubRepoWatcherUITests */,
				15D2D6D42933B7F500AC35CC /* RepoWatcherWidgetExtension */,
				1509097C2974962500833700 /* RepoWatcherIntents */,
			);
		};
/* End PBXProject section */

/* Begin PBXResourcesBuildPhase section */
		1509097B2974962500833700 /* Resources */ = {
			isa = PBXResourcesBuildPhase;
			buildActionMask = 2147483647;
			files = (
			);
			runOnlyForDeploymentPostprocessing = 0;
		};
		15D2D6A12933A9D200AC35CC /* Resources */ = {
			isa = PBXResourcesBuildPhase;
			buildActionMask = 2147483647;
			files = (
				15D2D6AE2933A9D500AC35CC /* Preview Assets.xcassets in Resources */,
				15D2D6AB2933A9D500AC35CC /* Assets.xcassets in Resources */,
			);
			runOnlyForDeploymentPostprocessing = 0;
		};
		15D2D6B12933A9D600AC35CC /* Resources */ = {
			isa = PBXResourcesBuildPhase;
			buildActionMask = 2147483647;
			files = (
			);
			runOnlyForDeploymentPostprocessing = 0;
		};
		15D2D6BB2933A9D600AC35CC /* Resources */ = {
			isa = PBXResourcesBuildPhase;
			buildActionMask = 2147483647;
			files = (
			);
			runOnlyForDeploymentPostprocessing = 0;
		};
		15D2D6D32933B7F500AC35CC /* Resources */ = {
			isa = PBXResourcesBuildPhase;
			buildActionMask = 2147483647;
			files = (
				15D2D6E42933B7F700AC35CC /* Assets.xcassets in Resources */,
			);
			runOnlyForDeploymentPostprocessing = 0;
		};
/* End PBXResourcesBuildPhase section */

/* Begin PBXSourcesBuildPhase section */
		150909792974962500833700 /* Sources */ = {
			isa = PBXSourcesBuildPhase;
			buildActionMask = 2147483647;
			files = (
				1509098A2974978F00833700 /* SelectRepoIntents.intentdefinition in Sources */,
				150909822974962500833700 /* IntentHandler.swift in Sources */,
				1509098C297499D200833700 /* UserDefaults+Ext.swift in Sources */,
			);
			runOnlyForDeploymentPostprocessing = 0;
		};
		15D2D69F2933A9D200AC35CC /* Sources */ = {
			isa = PBXSourcesBuildPhase;
			buildActionMask = 2147483647;
			files = (
				15D2D6A92933A9D200AC35CC /* GitHubRepoWatcherView.swift in Sources */,
				15A1A182296DBDFB00904FF1 /* SelectRepoIntents.intentdefinition in Sources */,
				15D3F4D2293A0ACF00874205 /* MockData.swift in Sources */,
				15B8B7BC293E876000AD12F4 /* Contributor.swift in Sources */,
				15D2D6E72933B7F700AC35CC /* RepoWatcherWidget.intentdefinition in Sources */,
				15449CC7296B0A450053541B /* UserDefaults+Ext.swift in Sources */,
				1522B5112934FA2A004B1EB0 /* NetworkManager.swift in Sources */,
				15D2D6A72933A9D200AC35CC /* GitHubRepoWatcherApp.swift in Sources */,
				1522B50D2934A1D1004B1EB0 /* Repository.swift in Sources */,
			);
			runOnlyForDeploymentPostprocessing = 0;
		};
		15D2D6AF2933A9D600AC35CC /* Sources */ = {
			isa = PBXSourcesBuildPhase;
			buildActionMask = 2147483647;
			files = (
				15D2D6B82933A9D600AC35CC /* GitHubRepoWatcherTests.swift in Sources */,
			);
			runOnlyForDeploymentPostprocessing = 0;
		};
		15D2D6B92933A9D600AC35CC /* Sources */ = {
			isa = PBXSourcesBuildPhase;
			buildActionMask = 2147483647;
			files = (
				15D2D6C42933A9D600AC35CC /* GitHubRepoWatcherUITestsLaunchTests.swift in Sources */,
				15D2D6C22933A9D600AC35CC /* GitHubRepoWatcherUITests.swift in Sources */,
			);
			runOnlyForDeploymentPostprocessing = 0;
		};
		15D2D6D12933B7F500AC35CC /* Sources */ = {
			isa = PBXSourcesBuildPhase;
			buildActionMask = 2147483647;
			files = (
				1522B5122934FA2A004B1EB0 /* NetworkManager.swift in Sources */,
				15D2D6E12933B7F500AC35CC /* DoubleRepoWidget.swift in Sources */,
				15D2D6DD2933B7F500AC35CC /* RepoWatcherWidgetBundle.swift in Sources */,
				1522B50F2934B7B0004B1EB0 /* Repository.swift in Sources */,
				15D2D6DF2933B7F500AC35CC /* RepoWatcherWidgetLiveActivity.swift in Sources */,
				15D3F4D3293A0B6E00874205 /* MockData.swift in Sources */,
				15D2D6E62933B7F700AC35CC /* RepoWatcherWidget.intentdefinition in Sources */,
				152225D52937A47700A7BC2C /* RepoMediumView.swift in Sources */,
				15800F3A293CD5EB00B13A1B /* SingleRepoWidget.swift in Sources */,
				15B8B7BA293E82CC00AD12F4 /* ContributorMediumView.swift in Sources */,
				15A1A183296DBDFB00904FF1 /* SelectRepoIntents.intentdefinition in Sources */,
				15B8B7BD293E876000AD12F4 /* Contributor.swift in Sources */,
			);
			runOnlyForDeploymentPostprocessing = 0;
		};
/* End PBXSourcesBuildPhase section */

/* Begin PBXTargetDependency section */
		150909852974962500833700 /* PBXTargetDependency */ = {
			isa = PBXTargetDependency;
			target = 1509097C2974962500833700 /* RepoWatcherIntents */;
			targetProxy = 150909842974962500833700 /* PBXContainerItemProxy */;
		};
		15D2D6B52933A9D600AC35CC /* PBXTargetDependency */ = {
			isa = PBXTargetDependency;
			target = 15D2D6A22933A9D200AC35CC /* GitHubRepoWatcher */;
			targetProxy = 15D2D6B42933A9D600AC35CC /* PBXContainerItemProxy */;
		};
		15D2D6BF2933A9D600AC35CC /* PBXTargetDependency */ = {
			isa = PBXTargetDependency;
			target = 15D2D6A22933A9D200AC35CC /* GitHubRepoWatcher */;
			targetProxy = 15D2D6BE2933A9D600AC35CC /* PBXContainerItemProxy */;
		};
		15D2D6E92933B7F700AC35CC /* PBXTargetDependency */ = {
			isa = PBXTargetDependency;
			target = 15D2D6D42933B7F500AC35CC /* RepoWatcherWidgetExtension */;
			targetProxy = 15D2D6E82933B7F700AC35CC /* PBXContainerItemProxy */;
		};
/* End PBXTargetDependency section */

/* Begin XCBuildConfiguration section */
		150909872974962500833700 /* Debug */ = {
			isa = XCBuildConfiguration;
			buildSettings = {
				CODE_SIGN_ENTITLEMENTS = RepoWatcherIntents/RepoWatcherIntents.entitlements;
				CODE_SIGN_STYLE = Automatic;
				CURRENT_PROJECT_VERSION = 1;
				DEVELOPMENT_TEAM = XLY4UW5GHZ;
				GENERATE_INFOPLIST_FILE = YES;
				INFOPLIST_FILE = RepoWatcherIntents/Info.plist;
				INFOPLIST_KEY_CFBundleDisplayName = RepoWatcherIntents;
				INFOPLIST_KEY_NSHumanReadableCopyright = "";
				IPHONEOS_DEPLOYMENT_TARGET = 16.2;
				LD_RUNPATH_SEARCH_PATHS = (
					"$(inherited)",
					"@executable_path/Frameworks",
					"@executable_path/../../Frameworks",
				);
				MARKETING_VERSION = 1.0;
				PRODUCT_BUNDLE_IDENTIFIER = dev.simonberner.GitHubRepoWatcher.RepoWatcherIntents;
				PRODUCT_NAME = "$(TARGET_NAME)";
				SKIP_INSTALL = YES;
				SWIFT_EMIT_LOC_STRINGS = YES;
				SWIFT_VERSION = 5.0;
				TARGETED_DEVICE_FAMILY = "1,2";
			};
			name = Debug;
		};
		150909882974962500833700 /* Release */ = {
			isa = XCBuildConfiguration;
			buildSettings = {
				CODE_SIGN_ENTITLEMENTS = RepoWatcherIntents/RepoWatcherIntents.entitlements;
				CODE_SIGN_STYLE = Automatic;
				CURRENT_PROJECT_VERSION = 1;
				DEVELOPMENT_TEAM = XLY4UW5GHZ;
				GENERATE_INFOPLIST_FILE = YES;
				INFOPLIST_FILE = RepoWatcherIntents/Info.plist;
				INFOPLIST_KEY_CFBundleDisplayName = RepoWatcherIntents;
				INFOPLIST_KEY_NSHumanReadableCopyright = "";
				IPHONEOS_DEPLOYMENT_TARGET = 16.2;
				LD_RUNPATH_SEARCH_PATHS = (
					"$(inherited)",
					"@executable_path/Frameworks",
					"@executable_path/../../Frameworks",
				);
				MARKETING_VERSION = 1.0;
				PRODUCT_BUNDLE_IDENTIFIER = dev.simonberner.GitHubRepoWatcher.RepoWatcherIntents;
				PRODUCT_NAME = "$(TARGET_NAME)";
				SKIP_INSTALL = YES;
				SWIFT_EMIT_LOC_STRINGS = YES;
				SWIFT_VERSION = 5.0;
				TARGETED_DEVICE_FAMILY = "1,2";
			};
			name = Release;
		};
		15D2D6C52933A9D600AC35CC /* Debug */ = {
			isa = XCBuildConfiguration;
			buildSettings = {
				ALWAYS_SEARCH_USER_PATHS = NO;
				CLANG_ANALYZER_NONNULL = YES;
				CLANG_ANALYZER_NUMBER_OBJECT_CONVERSION = YES_AGGRESSIVE;
				CLANG_CXX_LANGUAGE_STANDARD = "gnu++20";
				CLANG_ENABLE_MODULES = YES;
				CLANG_ENABLE_OBJC_ARC = YES;
				CLANG_ENABLE_OBJC_WEAK = YES;
				CLANG_WARN_BLOCK_CAPTURE_AUTORELEASING = YES;
				CLANG_WARN_BOOL_CONVERSION = YES;
				CLANG_WARN_COMMA = YES;
				CLANG_WARN_CONSTANT_CONVERSION = YES;
				CLANG_WARN_DEPRECATED_OBJC_IMPLEMENTATIONS = YES;
				CLANG_WARN_DIRECT_OBJC_ISA_USAGE = YES_ERROR;
				CLANG_WARN_DOCUMENTATION_COMMENTS = YES;
				CLANG_WARN_EMPTY_BODY = YES;
				CLANG_WARN_ENUM_CONVERSION = YES;
				CLANG_WARN_INFINITE_RECURSION = YES;
				CLANG_WARN_INT_CONVERSION = YES;
				CLANG_WARN_NON_LITERAL_NULL_CONVERSION = YES;
				CLANG_WARN_OBJC_IMPLICIT_RETAIN_SELF = YES;
				CLANG_WARN_OBJC_LITERAL_CONVERSION = YES;
				CLANG_WARN_OBJC_ROOT_CLASS = YES_ERROR;
				CLANG_WARN_QUOTED_INCLUDE_IN_FRAMEWORK_HEADER = YES;
				CLANG_WARN_RANGE_LOOP_ANALYSIS = YES;
				CLANG_WARN_STRICT_PROTOTYPES = YES;
				CLANG_WARN_SUSPICIOUS_MOVE = YES;
				CLANG_WARN_UNGUARDED_AVAILABILITY = YES_AGGRESSIVE;
				CLANG_WARN_UNREACHABLE_CODE = YES;
				CLANG_WARN__DUPLICATE_METHOD_MATCH = YES;
				COPY_PHASE_STRIP = NO;
				DEBUG_INFORMATION_FORMAT = dwarf;
				ENABLE_STRICT_OBJC_MSGSEND = YES;
				ENABLE_TESTABILITY = YES;
				GCC_C_LANGUAGE_STANDARD = gnu11;
				GCC_DYNAMIC_NO_PIC = NO;
				GCC_NO_COMMON_BLOCKS = YES;
				GCC_OPTIMIZATION_LEVEL = 0;
				GCC_PREPROCESSOR_DEFINITIONS = (
					"DEBUG=1",
					"$(inherited)",
				);
				GCC_WARN_64_TO_32_BIT_CONVERSION = YES;
				GCC_WARN_ABOUT_RETURN_TYPE = YES_ERROR;
				GCC_WARN_UNDECLARED_SELECTOR = YES;
				GCC_WARN_UNINITIALIZED_AUTOS = YES_AGGRESSIVE;
				GCC_WARN_UNUSED_FUNCTION = YES;
				GCC_WARN_UNUSED_VARIABLE = YES;
				IPHONEOS_DEPLOYMENT_TARGET = 16.2;
				MTL_ENABLE_DEBUG_INFO = INCLUDE_SOURCE;
				MTL_FAST_MATH = YES;
				ONLY_ACTIVE_ARCH = YES;
				SDKROOT = iphoneos;
				SWIFT_ACTIVE_COMPILATION_CONDITIONS = DEBUG;
				SWIFT_OPTIMIZATION_LEVEL = "-Onone";
			};
			name = Debug;
		};
		15D2D6C62933A9D600AC35CC /* Release */ = {
			isa = XCBuildConfiguration;
			buildSettings = {
				ALWAYS_SEARCH_USER_PATHS = NO;
				CLANG_ANALYZER_NONNULL = YES;
				CLANG_ANALYZER_NUMBER_OBJECT_CONVERSION = YES_AGGRESSIVE;
				CLANG_CXX_LANGUAGE_STANDARD = "gnu++20";
				CLANG_ENABLE_MODULES = YES;
				CLANG_ENABLE_OBJC_ARC = YES;
				CLANG_ENABLE_OBJC_WEAK = YES;
				CLANG_WARN_BLOCK_CAPTURE_AUTORELEASING = YES;
				CLANG_WARN_BOOL_CONVERSION = YES;
				CLANG_WARN_COMMA = YES;
				CLANG_WARN_CONSTANT_CONVERSION = YES;
				CLANG_WARN_DEPRECATED_OBJC_IMPLEMENTATIONS = YES;
				CLANG_WARN_DIRECT_OBJC_ISA_USAGE = YES_ERROR;
				CLANG_WARN_DOCUMENTATION_COMMENTS = YES;
				CLANG_WARN_EMPTY_BODY = YES;
				CLANG_WARN_ENUM_CONVERSION = YES;
				CLANG_WARN_INFINITE_RECURSION = YES;
				CLANG_WARN_INT_CONVERSION = YES;
				CLANG_WARN_NON_LITERAL_NULL_CONVERSION = YES;
				CLANG_WARN_OBJC_IMPLICIT_RETAIN_SELF = YES;
				CLANG_WARN_OBJC_LITERAL_CONVERSION = YES;
				CLANG_WARN_OBJC_ROOT_CLASS = YES_ERROR;
				CLANG_WARN_QUOTED_INCLUDE_IN_FRAMEWORK_HEADER = YES;
				CLANG_WARN_RANGE_LOOP_ANALYSIS = YES;
				CLANG_WARN_STRICT_PROTOTYPES = YES;
				CLANG_WARN_SUSPICIOUS_MOVE = YES;
				CLANG_WARN_UNGUARDED_AVAILABILITY = YES_AGGRESSIVE;
				CLANG_WARN_UNREACHABLE_CODE = YES;
				CLANG_WARN__DUPLICATE_METHOD_MATCH = YES;
				COPY_PHASE_STRIP = NO;
				DEBUG_INFORMATION_FORMAT = "dwarf-with-dsym";
				ENABLE_NS_ASSERTIONS = NO;
				ENABLE_STRICT_OBJC_MSGSEND = YES;
				GCC_C_LANGUAGE_STANDARD = gnu11;
				GCC_NO_COMMON_BLOCKS = YES;
				GCC_WARN_64_TO_32_BIT_CONVERSION = YES;
				GCC_WARN_ABOUT_RETURN_TYPE = YES_ERROR;
				GCC_WARN_UNDECLARED_SELECTOR = YES;
				GCC_WARN_UNINITIALIZED_AUTOS = YES_AGGRESSIVE;
				GCC_WARN_UNUSED_FUNCTION = YES;
				GCC_WARN_UNUSED_VARIABLE = YES;
				IPHONEOS_DEPLOYMENT_TARGET = 16.2;
				MTL_ENABLE_DEBUG_INFO = NO;
				MTL_FAST_MATH = YES;
				SDKROOT = iphoneos;
				SWIFT_COMPILATION_MODE = wholemodule;
				SWIFT_OPTIMIZATION_LEVEL = "-O";
				VALIDATE_PRODUCT = YES;
			};
			name = Release;
		};
		15D2D6C82933A9D600AC35CC /* Debug */ = {
			isa = XCBuildConfiguration;
			buildSettings = {
				ALWAYS_EMBED_SWIFT_STANDARD_LIBRARIES = YES;
				ASSETCATALOG_COMPILER_APPICON_NAME = AppIcon;
				ASSETCATALOG_COMPILER_GLOBAL_ACCENT_COLOR_NAME = AccentColor;
				CODE_SIGN_ENTITLEMENTS = GitHubRepoWatcher/GitHubRepoWatcher.entitlements;
				CODE_SIGN_STYLE = Automatic;
				CURRENT_PROJECT_VERSION = 1;
				DEVELOPMENT_ASSET_PATHS = "\"GitHubRepoWatcher/Preview Content\"";
				DEVELOPMENT_TEAM = XLY4UW5GHZ;
				ENABLE_PREVIEWS = YES;
				GENERATE_INFOPLIST_FILE = YES;
				INFOPLIST_FILE = GitHubRepoWatcher/Info.plist;
				INFOPLIST_KEY_UIApplicationSceneManifest_Generation = YES;
				INFOPLIST_KEY_UIApplicationSupportsIndirectInputEvents = YES;
				INFOPLIST_KEY_UILaunchScreen_Generation = YES;
				INFOPLIST_KEY_UISupportedInterfaceOrientations_iPad = "UIInterfaceOrientationPortrait UIInterfaceOrientationPortraitUpsideDown UIInterfaceOrientationLandscapeLeft UIInterfaceOrientationLandscapeRight";
				INFOPLIST_KEY_UISupportedInterfaceOrientations_iPhone = "UIInterfaceOrientationPortrait UIInterfaceOrientationLandscapeLeft UIInterfaceOrientationLandscapeRight";
				IPHONEOS_DEPLOYMENT_TARGET = 16.2;
				LD_RUNPATH_SEARCH_PATHS = (
					"$(inherited)",
					"@executable_path/Frameworks",
				);
				MARKETING_VERSION = 1.0;
				PRODUCT_BUNDLE_IDENTIFIER = dev.simonberner.GitHubRepoWatcher;
				PRODUCT_NAME = "$(TARGET_NAME)";
				SWIFT_EMIT_LOC_STRINGS = YES;
				SWIFT_VERSION = 5.0;
				TARGETED_DEVICE_FAMILY = "1,2";
			};
			name = Debug;
		};
		15D2D6C92933A9D600AC35CC /* Release */ = {
			isa = XCBuildConfiguration;
			buildSettings = {
				ALWAYS_EMBED_SWIFT_STANDARD_LIBRARIES = YES;
				ASSETCATALOG_COMPILER_APPICON_NAME = AppIcon;
				ASSETCATALOG_COMPILER_GLOBAL_ACCENT_COLOR_NAME = AccentColor;
				CODE_SIGN_ENTITLEMENTS = GitHubRepoWatcher/GitHubRepoWatcher.entitlements;
				CODE_SIGN_STYLE = Automatic;
				CURRENT_PROJECT_VERSION = 1;
				DEVELOPMENT_ASSET_PATHS = "\"GitHubRepoWatcher/Preview Content\"";
				DEVELOPMENT_TEAM = XLY4UW5GHZ;
				ENABLE_PREVIEWS = YES;
				GENERATE_INFOPLIST_FILE = YES;
				INFOPLIST_FILE = GitHubRepoWatcher/Info.plist;
				INFOPLIST_KEY_UIApplicationSceneManifest_Generation = YES;
				INFOPLIST_KEY_UIApplicationSupportsIndirectInputEvents = YES;
				INFOPLIST_KEY_UILaunchScreen_Generation = YES;
				INFOPLIST_KEY_UISupportedInterfaceOrientations_iPad = "UIInterfaceOrientationPortrait UIInterfaceOrientationPortraitUpsideDown UIInterfaceOrientationLandscapeLeft UIInterfaceOrientationLandscapeRight";
				INFOPLIST_KEY_UISupportedInterfaceOrientations_iPhone = "UIInterfaceOrientationPortrait UIInterfaceOrientationLandscapeLeft UIInterfaceOrientationLandscapeRight";
				IPHONEOS_DEPLOYMENT_TARGET = 16.2;
				LD_RUNPATH_SEARCH_PATHS = (
					"$(inherited)",
					"@executable_path/Frameworks",
				);
				MARKETING_VERSION = 1.0;
				PRODUCT_BUNDLE_IDENTIFIER = dev.simonberner.GitHubRepoWatcher;
				PRODUCT_NAME = "$(TARGET_NAME)";
				SWIFT_EMIT_LOC_STRINGS = YES;
				SWIFT_VERSION = 5.0;
				TARGETED_DEVICE_FAMILY = "1,2";
			};
			name = Release;
		};
		15D2D6CB2933A9D600AC35CC /* Debug */ = {
			isa = XCBuildConfiguration;
			buildSettings = {
				ALWAYS_EMBED_SWIFT_STANDARD_LIBRARIES = YES;
				BUNDLE_LOADER = "$(TEST_HOST)";
				CODE_SIGN_STYLE = Automatic;
				CURRENT_PROJECT_VERSION = 1;
				DEVELOPMENT_TEAM = XLY4UW5GHZ;
				GENERATE_INFOPLIST_FILE = YES;
				IPHONEOS_DEPLOYMENT_TARGET = 16.2;
				MARKETING_VERSION = 1.0;
				PRODUCT_BUNDLE_IDENTIFIER = dev.simonberner.GitHubRepoWatcherTests;
				PRODUCT_NAME = "$(TARGET_NAME)";
				SWIFT_EMIT_LOC_STRINGS = NO;
				SWIFT_VERSION = 5.0;
				TARGETED_DEVICE_FAMILY = "1,2";
				TEST_HOST = "$(BUILT_PRODUCTS_DIR)/GitHubRepoWatcher.app/$(BUNDLE_EXECUTABLE_FOLDER_PATH)/GitHubRepoWatcher";
			};
			name = Debug;
		};
		15D2D6CC2933A9D600AC35CC /* Release */ = {
			isa = XCBuildConfiguration;
			buildSettings = {
				ALWAYS_EMBED_SWIFT_STANDARD_LIBRARIES = YES;
				BUNDLE_LOADER = "$(TEST_HOST)";
				CODE_SIGN_STYLE = Automatic;
				CURRENT_PROJECT_VERSION = 1;
				DEVELOPMENT_TEAM = XLY4UW5GHZ;
				GENERATE_INFOPLIST_FILE = YES;
				IPHONEOS_DEPLOYMENT_TARGET = 16.2;
				MARKETING_VERSION = 1.0;
				PRODUCT_BUNDLE_IDENTIFIER = dev.simonberner.GitHubRepoWatcherTests;
				PRODUCT_NAME = "$(TARGET_NAME)";
				SWIFT_EMIT_LOC_STRINGS = NO;
				SWIFT_VERSION = 5.0;
				TARGETED_DEVICE_FAMILY = "1,2";
				TEST_HOST = "$(BUILT_PRODUCTS_DIR)/GitHubRepoWatcher.app/$(BUNDLE_EXECUTABLE_FOLDER_PATH)/GitHubRepoWatcher";
			};
			name = Release;
		};
		15D2D6CE2933A9D600AC35CC /* Debug */ = {
			isa = XCBuildConfiguration;
			buildSettings = {
				ALWAYS_EMBED_SWIFT_STANDARD_LIBRARIES = YES;
				CODE_SIGN_STYLE = Automatic;
				CURRENT_PROJECT_VERSION = 1;
				DEVELOPMENT_TEAM = XLY4UW5GHZ;
				GENERATE_INFOPLIST_FILE = YES;
				MARKETING_VERSION = 1.0;
				PRODUCT_BUNDLE_IDENTIFIER = dev.simonberner.GitHubRepoWatcherUITests;
				PRODUCT_NAME = "$(TARGET_NAME)";
				SWIFT_EMIT_LOC_STRINGS = NO;
				SWIFT_VERSION = 5.0;
				TARGETED_DEVICE_FAMILY = "1,2";
				TEST_TARGET_NAME = GitHubRepoWatcher;
			};
			name = Debug;
		};
		15D2D6CF2933A9D600AC35CC /* Release */ = {
			isa = XCBuildConfiguration;
			buildSettings = {
				ALWAYS_EMBED_SWIFT_STANDARD_LIBRARIES = YES;
				CODE_SIGN_STYLE = Automatic;
				CURRENT_PROJECT_VERSION = 1;
				DEVELOPMENT_TEAM = XLY4UW5GHZ;
				GENERATE_INFOPLIST_FILE = YES;
				MARKETING_VERSION = 1.0;
				PRODUCT_BUNDLE_IDENTIFIER = dev.simonberner.GitHubRepoWatcherUITests;
				PRODUCT_NAME = "$(TARGET_NAME)";
				SWIFT_EMIT_LOC_STRINGS = NO;
				SWIFT_VERSION = 5.0;
				TARGETED_DEVICE_FAMILY = "1,2";
				TEST_TARGET_NAME = GitHubRepoWatcher;
			};
			name = Release;
		};
		15D2D6EC2933B7F800AC35CC /* Debug */ = {
			isa = XCBuildConfiguration;
			buildSettings = {
				ASSETCATALOG_COMPILER_GLOBAL_ACCENT_COLOR_NAME = AccentColor;
				ASSETCATALOG_COMPILER_WIDGET_BACKGROUND_COLOR_NAME = WidgetBackground;
				CODE_SIGN_STYLE = Automatic;
				CURRENT_PROJECT_VERSION = 1;
				DEVELOPMENT_TEAM = XLY4UW5GHZ;
				GENERATE_INFOPLIST_FILE = YES;
				INFOPLIST_FILE = RepoWatcherWidget/Info.plist;
				INFOPLIST_KEY_CFBundleDisplayName = RepoWatcherWidget;
				INFOPLIST_KEY_NSHumanReadableCopyright = "";
				IPHONEOS_DEPLOYMENT_TARGET = 16.2;
				LD_RUNPATH_SEARCH_PATHS = (
					"$(inherited)",
					"@executable_path/Frameworks",
					"@executable_path/../../Frameworks",
				);
				MARKETING_VERSION = 1.0;
				PRODUCT_BUNDLE_IDENTIFIER = dev.simonberner.GitHubRepoWatcher.RepoWatcherWidget;
				PRODUCT_NAME = "$(TARGET_NAME)";
				SKIP_INSTALL = YES;
				SWIFT_EMIT_LOC_STRINGS = YES;
				SWIFT_VERSION = 5.0;
				TARGETED_DEVICE_FAMILY = "1,2";
			};
			name = Debug;
		};
		15D2D6ED2933B7F800AC35CC /* Release */ = {
			isa = XCBuildConfiguration;
			buildSettings = {
				ASSETCATALOG_COMPILER_GLOBAL_ACCENT_COLOR_NAME = AccentColor;
				ASSETCATALOG_COMPILER_WIDGET_BACKGROUND_COLOR_NAME = WidgetBackground;
				CODE_SIGN_STYLE = Automatic;
				CURRENT_PROJECT_VERSION = 1;
				DEVELOPMENT_TEAM = XLY4UW5GHZ;
				GENERATE_INFOPLIST_FILE = YES;
				INFOPLIST_FILE = RepoWatcherWidget/Info.plist;
				INFOPLIST_KEY_CFBundleDisplayName = RepoWatcherWidget;
				INFOPLIST_KEY_NSHumanReadableCopyright = "";
				IPHONEOS_DEPLOYMENT_TARGET = 16.2;
				LD_RUNPATH_SEARCH_PATHS = (
					"$(inherited)",
					"@executable_path/Frameworks",
					"@executable_path/../../Frameworks",
				);
				MARKETING_VERSION = 1.0;
				PRODUCT_BUNDLE_IDENTIFIER = dev.simonberner.GitHubRepoWatcher.RepoWatcherWidget;
				PRODUCT_NAME = "$(TARGET_NAME)";
				SKIP_INSTALL = YES;
				SWIFT_EMIT_LOC_STRINGS = YES;
				SWIFT_VERSION = 5.0;
				TARGETED_DEVICE_FAMILY = "1,2";
			};
			name = Release;
		};
/* End XCBuildConfiguration section */

/* Begin XCConfigurationList section */
		150909892974962500833700 /* Build configuration list for PBXNativeTarget "RepoWatcherIntents" */ = {
			isa = XCConfigurationList;
			buildConfigurations = (
				150909872974962500833700 /* Debug */,
				150909882974962500833700 /* Release */,
			);
			defaultConfigurationIsVisible = 0;
			defaultConfigurationName = Release;
		};
		15D2D69E2933A9D200AC35CC /* Build configuration list for PBXProject "GitHubRepoWatcher" */ = {
			isa = XCConfigurationList;
			buildConfigurations = (
				15D2D6C52933A9D600AC35CC /* Debug */,
				15D2D6C62933A9D600AC35CC /* Release */,
			);
			defaultConfigurationIsVisible = 0;
			defaultConfigurationName = Release;
		};
		15D2D6C72933A9D600AC35CC /* Build configuration list for PBXNativeTarget "GitHubRepoWatcher" */ = {
			isa = XCConfigurationList;
			buildConfigurations = (
				15D2D6C82933A9D600AC35CC /* Debug */,
				15D2D6C92933A9D600AC35CC /* Release */,
			);
			defaultConfigurationIsVisible = 0;
			defaultConfigurationName = Release;
		};
		15D2D6CA2933A9D600AC35CC /* Build configuration list for PBXNativeTarget "GitHubRepoWatcherTests" */ = {
			isa = XCConfigurationList;
			buildConfigurations = (
				15D2D6CB2933A9D600AC35CC /* Debug */,
				15D2D6CC2933A9D600AC35CC /* Release */,
			);
			defaultConfigurationIsVisible = 0;
			defaultConfigurationName = Release;
		};
		15D2D6CD2933A9D600AC35CC /* Build configuration list for PBXNativeTarget "GitHubRepoWatcherUITests" */ = {
			isa = XCConfigurationList;
			buildConfigurations = (
				15D2D6CE2933A9D600AC35CC /* Debug */,
				15D2D6CF2933A9D600AC35CC /* Release */,
			);
			defaultConfigurationIsVisible = 0;
			defaultConfigurationName = Release;
		};
		15D2D6EB2933B7F800AC35CC /* Build configuration list for PBXNativeTarget "RepoWatcherWidgetExtension" */ = {
			isa = XCConfigurationList;
			buildConfigurations = (
				15D2D6EC2933B7F800AC35CC /* Debug */,
				15D2D6ED2933B7F800AC35CC /* Release */,
			);
			defaultConfigurationIsVisible = 0;
			defaultConfigurationName = Release;
		};
/* End XCConfigurationList section */
	};
	rootObject = 15D2D69B2933A9D200AC35CC /* Project object */;
}
